
Microsoft Visual Studio Solution File, Format Version 12.00
# Visual Studio Version 16
VisualStudioVersion = 16.0.30204.135
MinimumVisualStudioVersion = 10.0.40219.1
Project("{FAE04EC0-301F-11D3-BF4B-00C04F79EFBC}") = "Project--ChessGame", "Project--ChessGame\Project--ChessGame.csproj", "{2FFEE2E3-BBC4-4E7C-AE29-6245F788EBF0}"
EndProject
Global
	GlobalSection(SolutionConfigurationPlatforms) = preSolution
		Debug|Any CPU = Debug|Any CPU
		Release|Any CPU = Release|Any CPU
	EndGlobalSection
	GlobalSection(ProjectConfigurationPlatforms) = postSolution
		{2FFEE2E3-BBC4-4E7C-AE29-6245F788EBF0}.Debug|Any CPU.ActiveCfg = Debug|Any CPU
		{2FFEE2E3-BBC4-4E7C-AE29-6245F788EBF0}.Debug|Any CPU.Build.0 = Debug|Any CPU
		{2FFEE2E3-BBC4-4E7C-AE29-6245F788EBF0}.Release|Any CPU.ActiveCfg = Release|Any CPU
		{2FFEE2E3-BBC4-4E7C-AE29-6245F788EBF0}.Release|Any CPU.Build.0 = Release|Any CPU
	EndGlobalSection
	GlobalSection(SolutionProperties) = preSolution
		HideSolutionNode = FALSE
	EndGlobalSection
	GlobalSection(ExtensibilityGlobals) = postSolution
		SolutionGuid = {1B7C0DBE-254B-46AC-B487-00A6FFDFC49B}
	EndGlobalSection
EndGlobal
